// !$*UTF8*$!
{
	archiveVersion = 1;
	classes = {
	};
	objectVersion = 50;
	objects = {

/* Begin PBXBuildFile section */
		89C6D6A426FF3D3B002BA137 /* AppDelegate.swift in Sources */ = {isa = PBXBuildFile; fileRef = 89C6D6A326FF3D3B002BA137 /* AppDelegate.swift */; };
		89C6D6A626FF3D3B002BA137 /* SceneDelegate.swift in Sources */ = {isa = PBXBuildFile; fileRef = 89C6D6A526FF3D3B002BA137 /* SceneDelegate.swift */; };
		89C6D6A826FF3D3B002BA137 /* ViewController.swift in Sources */ = {isa = PBXBuildFile; fileRef = 89C6D6A726FF3D3B002BA137 /* ViewController.swift */; };
		89C6D6AB26FF3D3B002BA137 /* Main.storyboard in Resources */ = {isa = PBXBuildFile; fileRef = 89C6D6A926FF3D3B002BA137 /* Main.storyboard */; };
		89C6D6AD26FF3D3E002BA137 /* Assets.xcassets in Resources */ = {isa = PBXBuildFile; fileRef = 89C6D6AC26FF3D3E002BA137 /* Assets.xcassets */; };
		89C6D6B026FF3D3E002BA137 /* LaunchScreen.storyboard in Resources */ = {isa = PBXBuildFile; fileRef = 89C6D6AE26FF3D3E002BA137 /* LaunchScreen.storyboard */; };
		89C6D6B926FF3E2C002BA137 /* UserDefaultsManager.swift in Sources */ = {isa = PBXBuildFile; fileRef = 89C6D6B826FF3E2C002BA137 /* UserDefaultsManager.swift */; };
/* End PBXBuildFile section */

/* Begin PBXFileReference section */
		89C6D6A026FF3D3B002BA137 /* SimplifyingUserDefaults.app */ = {isa = PBXFileReference; explicitFileType = wrapper.application; includeInIndex = 0; path = SimplifyingUserDefaults.app; sourceTree = BUILT_PRODUCTS_DIR; };
		89C6D6A326FF3D3B002BA137 /* AppDelegate.swift */ = {isa = PBXFileReference; lastKnownFileType = sourcecode.swift; path = AppDelegate.swift; sourceTree = "<group>"; };
		89C6D6A526FF3D3B002BA137 /* SceneDelegate.swift */ = {isa = PBXFileReference; lastKnownFileType = sourcecode.swift; path = SceneDelegate.swift; sourceTree = "<group>"; };
		89C6D6A726FF3D3B002BA137 /* ViewController.swift */ = {isa = PBXFileReference; lastKnownFileType = sourcecode.swift; path = ViewController.swift; sourceTree = "<group>"; };
		89C6D6AA26FF3D3B002BA137 /* Base */ = {isa = PBXFileReference; lastKnownFileType = file.storyboard; name = Base; path = Base.lproj/Main.storyboard; sourceTree = "<group>"; };
		89C6D6AC26FF3D3E002BA137 /* Assets.xcassets */ = {isa = PBXFileReference; lastKnownFileType = folder.assetcatalog; path = Assets.xcassets; sourceTree = "<group>"; };
		89C6D6AF26FF3D3E002BA137 /* Base */ = {isa = PBXFileReference; lastKnownFileType = file.storyboard; name = Base; path = Base.lproj/LaunchScreen.storyboard; sourceTree = "<group>"; };
		89C6D6B126FF3D3E002BA137 /* Info.plist */ = {isa = PBXFileReference; lastKnownFileType = text.plist.xml; path = Info.plist; sourceTree = "<group>"; };
		89C6D6B826FF3E2C002BA137 /* UserDefaultsManager.swift */ = {isa = PBXFileReference; lastKnownFileType = sourcecode.swift; path = UserDefaultsManager.swift; sourceTree = "<group>"; };
/* End PBXFileReference section */

/* Begin PBXFrameworksBuildPhase section */
		89C6D69D26FF3D3B002BA137 /* Frameworks */ = {
			isa = PBXFrameworksBuildPhase;
			buildActionMask = 2147483647;
			files = (
			);
			runOnlyForDeploymentPostprocessing = 0;
		};
/* End PBXFrameworksBuildPhase section */

/* Begin PBXGroup section */
		89C6D69726FF3D3B002BA137 = {
			isa = PBXGroup;
			children = (
				89C6D6A226FF3D3B002BA137 /* SimplifyingUserDefaults */,
				89C6D6A126FF3D3B002BA137 /* Products */,
			);
			sourceTree = "<group>";
		};
		89C6D6A126FF3D3B002BA137 /* Products */ = {
			isa = PBXGroup;
			children = (
				89C6D6A026FF3D3B002BA137 /* SimplifyingUserDefaults.app */,
			);
			name = Products;
			sourceTree = "<group>";
		};
		89C6D6A226FF3D3B002BA137 /* SimplifyingUserDefaults */ = {
			isa = PBXGroup;
			children = (
				89C6D6B726FF3E15002BA137 /* Helper */,
				89C6D6A326FF3D3B002BA137 /* AppDelegate.swift */,
				89C6D6A526FF3D3B002BA137 /* SceneDelegate.swift */,
				89C6D6A726FF3D3B002BA137 /* ViewController.swift */,
				89C6D6A926FF3D3B002BA137 /* Main.storyboard */,
				89C6D6AC26FF3D3E002BA137 /* Assets.xcassets */,
				89C6D6AE26FF3D3E002BA137 /* LaunchScreen.storyboard */,
				89C6D6B126FF3D3E002BA137 /* Info.plist */,
			);
			path = SimplifyingUserDefaults;
			sourceTree = "<group>";
		};
		89C6D6B726FF3E15002BA137 /* Helper */ = {
			isa = PBXGroup;
			children = (
				89C6D6B826FF3E2C002BA137 /* UserDefaultsManager.swift */,
			);
			path = Helper;
			sourceTree = "<group>";
		};
/* End PBXGroup section */

/* Begin PBXNativeTarget section */
		89C6D69F26FF3D3B002BA137 /* SimplifyingUserDefaults */ = {
			isa = PBXNativeTarget;
			buildConfigurationList = 89C6D6B426FF3D3E002BA137 /* Build configuration list for PBXNativeTarget "SimplifyingUserDefaults" */;
			buildPhases = (
				89C6D69C26FF3D3B002BA137 /* Sources */,
				89C6D69D26FF3D3B002BA137 /* Frameworks */,
				89C6D69E26FF3D3B002BA137 /* Resources */,
			);
			buildRules = (
			);
			dependencies = (
			);
			name = SimplifyingUserDefaults;
			productName = SimplifyingUserDefaults;
			productReference = 89C6D6A026FF3D3B002BA137 /* SimplifyingUserDefaults.app */;
			productType = "com.apple.product-type.application";
		};
/* End PBXNativeTarget section */

/* Begin PBXProject section */
		89C6D69826FF3D3B002BA137 /* Project object */ = {
			isa = PBXProject;
			attributes = {
				LastSwiftUpdateCheck = 1250;
				LastUpgradeCheck = 1250;
				TargetAttributes = {
					89C6D69F26FF3D3B002BA137 = {
						CreatedOnToolsVersion = 12.5.1;
					};
				};
			};
			buildConfigurationList = 89C6D69B26FF3D3B002BA137 /* Build configuration list for PBXProject "SimplifyingUserDefaults" */;
			compatibilityVersion = "Xcode 9.3";
			developmentRegion = en;
			hasScannedForEncodings = 0;
			knownRegions = (
				en,
				Base,
			);
			mainGroup = 89C6D69726FF3D3B002BA137;
			productRefGroup = 89C6D6A126FF3D3B002BA137 /* Products */;
			projectDirPath = "";
			projectRoot = "";
			targets = (
				89C6D69F26FF3D3B002BA137 /* SimplifyingUserDefaults */,
			);
		};
/* End PBXProject section */

/* Begin PBXResourcesBuildPhase section */
		89C6D69E26FF3D3B002BA137 /* Resources */ = {
			isa = PBXResourcesBuildPhase;
			buildActionMask = 2147483647;
			files = (
				89C6D6B026FF3D3E002BA137 /* LaunchScreen.storyboard in Resources */,
				89C6D6AD26FF3D3E002BA137 /* Assets.xcassets in Resources */,
				89C6D6AB26FF3D3B002BA137 /* Main.storyboard in Resources */,
			);
			runOnlyForDeploymentPostprocessing = 0;
		};
/* End PBXResourcesBuildPhase section */

/* Begin PBXSourcesBuildPhase section */
		89C6D69C26FF3D3B002BA137 /* Sources */ = {
			isa = PBXSourcesBuildPhase;
			buildActionMask = 2147483647;
			files = (
				89C6D6A826FF3D3B002BA137 /* ViewController.swift in Sources */,
				89C6D6A426FF3D3B002BA137 /* AppDelegate.swift in Sources */,
				89C6D6B926FF3E2C002BA137 /* UserDefaultsManager.swift in Sources */,
				89C6D6A626FF3D3B002BA137 /* SceneDelegate.swift in Sources */,
			);
			runOnlyForDeploymentPostprocessing = 0;
		};
/* End PBXSourcesBuildPhase section */

/* Begin PBXVariantGroup section */
		89C6D6A926FF3D3B002BA137 /* Main.storyboard */ = {
			isa = PBXVariantGroup;
			children = (
				89C6D6AA26FF3D3B002BA137 /* Base */,
			);
			name = Main.storyboard;
			sourceTree = "<group>";
		};
		89C6D6AE26FF3D3E002BA137 /* LaunchScreen.storyboard */ = {
			isa = PBXVariantGroup;
			children = (
				89C6D6AF26FF3D3E002BA137 /* Base */,
			);
			name = LaunchScreen.storyboard;
			sourceTree = "<group>";
		};
/* End PBXVariantGroup section */

/* Begin XCBuildConfiguration section */
		89C6D6B226FF3D3E002BA137 /* Debug */ = {
			isa = XCBuildConfiguration;
			buildSettings = {
				ALWAYS_SEARCH_USER_PATHS = NO;
				CLANG_ANALYZER_NONNULL = YES;
				CLANG_ANALYZER_NUMBER_OBJECT_CONVERSION = YES_AGGRESSIVE;
				CLANG_CXX_LANGUAGE_STANDARD = "gnu++14";
				CLANG_CXX_LIBRARY = "libc++";
				CLANG_ENABLE_MODULES = YES;
				CLANG_ENABLE_OBJC_ARC = YES;
				CLANG_ENABLE_OBJC_WEAK = YES;
				CLANG_WARN_BLOCK_CAPTURE_AUTORELEASING = YES;
				CLANG_WARN_BOOL_CONVERSION = YES;
				CLANG_WARN_COMMA = YES;
				CLANG_WARN_CONSTANT_CONVERSION = YES;
				CLANG_WARN_DEPRECATED_OBJC_IMPLEMENTATIONS = YES;
				CLANG_WARN_DIRECT_OBJC_ISA_USAGE = YES_ERROR;
				CLANG_WARN_DOCUMENTATION_COMMENTS = YES;
				CLANG_WARN_EMPTY_BODY = YES;
				CLANG_WARN_ENUM_CONVERSION = YES;
				CLANG_WARN_INFINITE_RECURSION = YES;
				CLANG_WARN_INT_CONVERSION = YES;
				CLANG_WARN_NON_LITERAL_NULL_CONVERSION = YES;
				CLANG_WARN_OBJC_IMPLICIT_RETAIN_SELF = YES;
				CLANG_WARN_OBJC_LITERAL_CONVERSION = YES;
				CLANG_WARN_OBJC_ROOT_CLASS = YES_ERROR;
				CLANG_WARN_QUOTED_INCLUDE_IN_FRAMEWORK_HEADER = YES;
				CLANG_WARN_RANGE_LOOP_ANALYSIS = YES;
				CLANG_WARN_STRICT_PROTOTYPES = YES;
				CLANG_WARN_SUSPICIOUS_MOVE = YES;
				CLANG_WARN_UNGUARDED_AVAILABILITY = YES_AGGRESSIVE;
				CLANG_WARN_UNREACHABLE_CODE = YES;
				CLANG_WARN__DUPLICATE_METHOD_MATCH = YES;
				COPY_PHASE_STRIP = NO;
				DEBUG_INFORMATION_FORMAT = dwarf;
				ENABLE_STRICT_OBJC_MSGSEND = YES;
				ENABLE_TESTABILITY = YES;
				GCC_C_LANGUAGE_STANDARD = gnu11;
				GCC_DYNAMIC_NO_PIC = NO;
				GCC_NO_COMMON_BLOCKS = YES;
				GCC_OPTIMIZATION_LEVEL = 0;
				GCC_PREPROCESSOR_DEFINITIONS = (
					"DEBUG=1",
					"$(inherited)",
				);
				GCC_WARN_64_TO_32_BIT_CONVERSION = YES;
				GCC_WARN_ABOUT_RETURN_TYPE = YES_ERROR;
				GCC_WARN_UNDECLARED_SELECTOR = YES;
				GCC_WARN_UNINITIALIZED_AUTOS = YES_AGGRESSIVE;
				GCC_WARN_UNUSED_FUNCTION = YES;
				GCC_WARN_UNUSED_VARIABLE = YES;
				IPHONEOS_DEPLOYMENT_TARGET = 14.5;
				MTL_ENABLE_DEBUG_INFO = INCLUDE_SOURCE;
				MTL_FAST_MATH = YES;
				ONLY_ACTIVE_ARCH = YES;
				SDKROOT = iphoneos;
				SWIFT_ACTIVE_COMPILATION_CONDITIONS = DEBUG;
				SWIFT_OPTIMIZATION_LEVEL = "-Onone";
			};
			name = Debug;
		};
		89C6D6B326FF3D3E002BA137 /* Release */ = {
			isa = XCBuildConfiguration;
			buildSettings = {
				ALWAYS_SEARCH_USER_PATHS = NO;
				CLANG_ANALYZER_NONNULL = YES;
				CLANG_ANALYZER_NUMBER_OBJECT_CONVERSION = YES_AGGRESSIVE;
				CLANG_CXX_LANGUAGE_STANDARD = "gnu++14";
				CLANG_CXX_LIBRARY = "libc++";
				CLANG_ENABLE_MODULES = YES;
				CLANG_ENABLE_OBJC_ARC = YES;
				CLANG_ENABLE_OBJC_WEAK = YES;
				CLANG_WARN_BLOCK_CAPTURE_AUTORELEASING = YES;
				CLANG_WARN_BOOL_CONVERSION = YES;
				CLANG_WARN_COMMA = YES;
				CLANG_WARN_CONSTANT_CONVERSION = YES;
				CLANG_WARN_DEPRECATED_OBJC_IMPLEMENTATIONS = YES;
				CLANG_WARN_DIRECT_OBJC_ISA_USAGE = YES_ERROR;
				CLANG_WARN_DOCUMENTATION_COMMENTS = YES;
				CLANG_WARN_EMPTY_BODY = YES;
				CLANG_WARN_ENUM_CONVERSION = YES;
				CLANG_WARN_INFINITE_RECURSION = YES;
				CLANG_WARN_INT_CONVERSION = YES;
				CLANG_WARN_NON_LITERAL_NULL_CONVERSION = YES;
				CLANG_WARN_OBJC_IMPLICIT_RETAIN_SELF = YES;
				CLANG_WARN_OBJC_LITERAL_CONVERSION = YES;
				CLANG_WARN_OBJC_ROOT_CLASS = YES_ERROR;
				CLANG_WARN_QUOTED_INCLUDE_IN_FRAMEWORK_HEADER = YES;
				CLANG_WARN_RANGE_LOOP_ANALYSIS = YES;
				CLANG_WARN_STRICT_PROTOTYPES = YES;
				CLANG_WARN_SUSPICIOUS_MOVE = YES;
				CLANG_WARN_UNGUARDED_AVAILABILITY = YES_AGGRESSIVE;
				CLANG_WARN_UNREACHABLE_CODE = YES;
				CLANG_WARN__DUPLICATE_METHOD_MATCH = YES;
				COPY_PHASE_STRIP = NO;
				DEBUG_INFORMATION_FORMAT = "dwarf-with-dsym";
				ENABLE_NS_ASSERTIONS = NO;
				ENABLE_STRICT_OBJC_MSGSEND = YES;
				GCC_C_LANGUAGE_STANDARD = gnu11;
				GCC_NO_COMMON_BLOCKS = YES;
				GCC_WARN_64_TO_32_BIT_CONVERSION = YES;
				GCC_WARN_ABOUT_RETURN_TYPE = YES_ERROR;
				GCC_WARN_UNDECLARED_SELECTOR = YES;
				GCC_WARN_UNINITIALIZED_AUTOS = YES_AGGRESSIVE;
				GCC_WARN_UNUSED_FUNCTION = YES;
				GCC_WARN_UNUSED_VARIABLE = YES;
				IPHONEOS_DEPLOYMENT_TARGET = 14.5;
				MTL_ENABLE_DEBUG_INFO = NO;
				MTL_FAST_MATH = YES;
				SDKROOT = iphoneos;
				SWIFT_COMPILATION_MODE = wholemodule;
				SWIFT_OPTIMIZATION_LEVEL = "-O";
				VALIDATE_PRODUCT = YES;
			};
			name = Release;
		};
		89C6D6B526FF3D3E002BA137 /* Debug */ = {
			isa = XCBuildConfiguration;
			buildSettings = {
				ASSETCATALOG_COMPILER_APPICON_NAME = AppIcon;
				ASSETCATALOG_COMPILER_GLOBAL_ACCENT_COLOR_NAME = AccentColor;
				CODE_SIGN_STYLE = Automatic;
				INFOPLIST_FILE = SimplifyingUserDefaults/Info.plist;
				LD_RUNPATH_SEARCH_PATHS = (
					"$(inherited)",
					"@executable_path/Frameworks",
				);
				PRODUCT_BUNDLE_IDENTIFIER = com.demo.myTeam.SimplifyingUserDefaults;
				PRODUCT_NAME = "$(TARGET_NAME)";
				SWIFT_VERSION = 5.0;
				TARGETED_DEVICE_FAMILY = "1,2";
			};
			name = Debug;
		};
		89C6D6B626FF3D3E002BA137 /* Release */ = {
			isa = XCBuildConfiguration;
			buildSettings = {
				ASSETCATALOG_COMPILER_APPICON_NAME = AppIcon;
				ASSETCATALOG_COMPILER_GLOBAL_ACCENT_COLOR_NAME = AccentColor;
				CODE_SIGN_STYLE = Automatic;
				INFOPLIST_FILE = SimplifyingUserDefaults/Info.plist;
				LD_RUNPATH_SEARCH_PATHS = (
					"$(inherited)",
					"@executable_path/Frameworks",
				);
				PRODUCT_BUNDLE_IDENTIFIER = com.demo.myTeam.SimplifyingUserDefaults;
				PRODUCT_NAME = "$(TARGET_NAME)";
				SWIFT_VERSION = 5.0;
				TARGETED_DEVICE_FAMILY = "1,2";
			};
			name = Release;
		};
/* End XCBuildConfiguration section */

/* Begin XCConfigurationList section */
		89C6D69B26FF3D3B002BA137 /* Build configuration list for PBXProject "SimplifyingUserDefaults" */ = {
			isa = XCConfigurationList;
			buildConfigurations = (
				89C6D6B226FF3D3E002BA137 /* Debug */,
				89C6D6B326FF3D3E002BA137 /* Release */,
			);
			defaultConfigurationIsVisible = 0;
			defaultConfigurationName = Release;
		};
		89C6D6B426FF3D3E002BA137 /* Build configuration list for PBXNativeTarget "SimplifyingUserDefaults" */ = {
			isa = XCConfigurationList;
			buildConfigurations = (
				89C6D6B526FF3D3E002BA137 /* Debug */,
				89C6D6B626FF3D3E002BA137 /* Release */,
			);
			defaultConfigurationIsVisible = 0;
			defaultConfigurationName = Release;
		};
/* End XCConfigurationList section */
	};
	rootObject = 89C6D69826FF3D3B002BA137 /* Project object */;
}
